{
  "version": 1,
  "dependencies": {
    "net8.0": {
      "System.Formats.Asn1": {
        "type": "Direct",
        "requested": "[8.0.2, )",
        "resolved": "8.0.2",
        "contentHash": "yUsFqNGa7tbwm5QOOnOR3VSoh8a0Yki39mTbhOnErdbg8hVSFtrK0EXerj286PXcegiF1LkE7lL++qqMZW5jIQ=="
      },
      "System.Security.Cryptography.Pkcs": {
        "type": "Direct",
        "requested": "[8.0.1, )",
        "resolved": "8.0.1",
        "contentHash": "CoCRHFym33aUSf/NtWSVSZa99dkd0Hm7OCZUxORBjRB16LNhIEOf8THPqzIYlvKM0nNDAPTRBa1FxEECrgaxxA=="
      },
      "System.Security.Cryptography.Xml": {
        "type": "Direct",
        "requested": "[8.0.2, )",
        "resolved": "8.0.2",
        "contentHash": "aDM/wm0ZGEZ6ZYJLzgqjp2FZdHbDHh6/OmpGfb7AdZ105zYmPn/83JRU2xLIbwgoNz9U1SLUTJN0v5th3qmvjA==",
        "dependencies": {
          "System.Security.Cryptography.Pkcs": "8.0.1"
        }
      },
      "System.ServiceModel.Http": {
        "type": "Direct",
        "requested": "[6.2.0, )",
        "resolved": "6.2.0",
        "contentHash": "lMk8MEw1OCvyyKY4HMg4ro1eYtWY7azIoDc2FBEGP8uOTJouWn3DemOQvM/GUpgrFbkpjuHPbEG5hgUbNtpiYA==",
        "dependencies": {
          "System.ServiceModel.Primitives": "6.2.0"
        }
      },
      "Microsoft.Extensions.ObjectPool": {
        "type": "Transitive",
        "resolved": "6.0.16",
        "contentHash": "OVX5tlKg6LY+XKqlUn7i9KY+6Liut0iewWff2DNr7129i/NJ8rpUzbmxavPydZgcLREEWHklXZiPKCS895tNIQ=="
      },
      "System.ServiceModel.Primitives": {
        "type": "Transitive",
        "resolved": "6.2.0",
        "contentHash": "ro+c4JKNuX6dDpTWh9ZICYr4pIe7uJToauPPgZt2qqFPjVB78ZDUz3rPCZX89dA+IoRZ+9T1ngLBKsgkTmx7UA==",
        "dependencies": {
          "Microsoft.Extensions.ObjectPool": "6.0.16",
          "System.Security.Cryptography.Xml": "6.0.1"
        }
      }
    }
  }
}