{
  "version": 1,
  "dependencies": {
    "net8.0": {
      "Google.Protobuf": {
        "type": "Direct",
        "requested": "[3.27.2, )",
        "resolved": "3.27.2",
        "contentHash": "0wdgA3LO9mBS477jieBFs4pU1sWhVtwv/P+i9nAEiFDQyUA7PPHDBbJL1CeqYtV18jLiq9og4n7wSVCO171OBg=="
      },
      "Grpc.Tools": {
        "type": "Direct",
        "requested": "[2.65.0, )",
        "resolved": "2.65.0",
        "contentHash": "2HX7+tPCIXwx1nsyj2h0i703D8SM2CMTUqdjDHAsU3HmKKksMJ7K6x31Rhg9yLJsW76OJItyoD9fk7W3HP/Wgw=="
      },
      "eventstore.logcommon": {
        "type": "Project"
      }
    }
  }
}